PODS:
  - PromiseKit/CorePromise (6.15.3)
  - SwiftLint (0.45.1)

DEPENDENCIES:
  - PromiseKit/CorePromise (~> 6.8)
  - SwiftLint

SPEC REPOS:
  trunk:
    - PromiseKit
    - SwiftLint

SPEC CHECKSUMS:
  PromiseKit: 3b2b6995e51a954c46dbc550ce3da44fbfb563c5
  SwiftLint: 06ac37e4d38c7068e0935bb30cda95f093bec761

PODFILE CHECKSUM: 3efbe77d1e242a62e491b78bce4046417850d66e

COCOAPODS: 1.11.2
