// !$*UTF8*$!
{
	archiveVersion = 1;
	classes = {
	};
	objectVersion = 55;
	objects = {

/* Begin PBXBuildFile section */
		DE1CB7FB2757D37D007F7626 /* SceneManager.swift in Sources */ = {isa = PBXBuildFile; fileRef = DE1CB7FA2757D37D007F7626 /* SceneManager.swift */; };
		DE1F8B9F2756B11700B3E631 /* AppDelegate.swift in Sources */ = {isa = PBXBuildFile; fileRef = DE1F8B9E2756B11700B3E631 /* AppDelegate.swift */; };
		DE1F8BA12756B11700B3E631 /* MainAppSceneDelegate.swift in Sources */ = {isa = PBXBuildFile; fileRef = DE1F8BA02756B11700B3E631 /* MainAppSceneDelegate.swift */; };
		DE1F8BA32756B11700B3E631 /* ViewController.swift in Sources */ = {isa = PBXBuildFile; fileRef = DE1F8BA22756B11700B3E631 /* ViewController.swift */; };
		DE1F8BA92756B11700B3E631 /* CountrySuggestion.xcdatamodeld in Sources */ = {isa = PBXBuildFile; fileRef = DE1F8BA72756B11700B3E631 /* CountrySuggestion.xcdatamodeld */; };
		DE1F8BAB2756B11A00B3E631 /* Assets.xcassets in Resources */ = {isa = PBXBuildFile; fileRef = DE1F8BAA2756B11A00B3E631 /* Assets.xcassets */; };
		DE1F8BAE2756B11A00B3E631 /* LaunchScreen.storyboard in Resources */ = {isa = PBXBuildFile; fileRef = DE1F8BAC2756B11A00B3E631 /* LaunchScreen.storyboard */; };
		DE9A96212757E8EA0070BDF1 /* main.swift in Sources */ = {isa = PBXBuildFile; fileRef = DE9A96202757E8EA0070BDF1 /* main.swift */; };
		EBC7D7E685F4100EF957EA7D /* Pods_CountrySuggestion.framework in Frameworks */ = {isa = PBXBuildFile; fileRef = 9DDF754A56C9EDC8194B6C92 /* Pods_CountrySuggestion.framework */; };
/* End PBXBuildFile section */

/* Begin PBXFileReference section */
		4178F1511FB0B59692AF5185 /* Pods-CountrySuggestion.debug.xcconfig */ = {isa = PBXFileReference; includeInIndex = 1; lastKnownFileType = text.xcconfig; name = "Pods-CountrySuggestion.debug.xcconfig"; path = "Target Support Files/Pods-CountrySuggestion/Pods-CountrySuggestion.debug.xcconfig"; sourceTree = "<group>"; };
		78F9A748543DBC3B472B019B /* Pods-CountrySuggestion.release.xcconfig */ = {isa = PBXFileReference; includeInIndex = 1; lastKnownFileType = text.xcconfig; name = "Pods-CountrySuggestion.release.xcconfig"; path = "Target Support Files/Pods-CountrySuggestion/Pods-CountrySuggestion.release.xcconfig"; sourceTree = "<group>"; };
		9DDF754A56C9EDC8194B6C92 /* Pods_CountrySuggestion.framework */ = {isa = PBXFileReference; explicitFileType = wrapper.framework; includeInIndex = 0; path = Pods_CountrySuggestion.framework; sourceTree = BUILT_PRODUCTS_DIR; };
		DE1CB7FA2757D37D007F7626 /* SceneManager.swift */ = {isa = PBXFileReference; lastKnownFileType = sourcecode.swift; path = SceneManager.swift; sourceTree = "<group>"; };
		DE1F8B9B2756B11700B3E631 /* CountrySuggestion.app */ = {isa = PBXFileReference; explicitFileType = wrapper.application; includeInIndex = 0; path = CountrySuggestion.app; sourceTree = BUILT_PRODUCTS_DIR; };
		DE1F8B9E2756B11700B3E631 /* AppDelegate.swift */ = {isa = PBXFileReference; lastKnownFileType = sourcecode.swift; path = AppDelegate.swift; sourceTree = "<group>"; };
		DE1F8BA02756B11700B3E631 /* MainAppSceneDelegate.swift */ = {isa = PBXFileReference; lastKnownFileType = sourcecode.swift; path = MainAppSceneDelegate.swift; sourceTree = "<group>"; };
		DE1F8BA22756B11700B3E631 /* ViewController.swift */ = {isa = PBXFileReference; lastKnownFileType = sourcecode.swift; path = ViewController.swift; sourceTree = "<group>"; };
		DE1F8BA82756B11700B3E631 /* CountrySuggestion.xcdatamodel */ = {isa = PBXFileReference; lastKnownFileType = wrapper.xcdatamodel; path = CountrySuggestion.xcdatamodel; sourceTree = "<group>"; };
		DE1F8BAA2756B11A00B3E631 /* Assets.xcassets */ = {isa = PBXFileReference; lastKnownFileType = folder.assetcatalog; path = Assets.xcassets; sourceTree = "<group>"; };
		DE1F8BAD2756B11A00B3E631 /* Base */ = {isa = PBXFileReference; lastKnownFileType = file.storyboard; name = Base; path = Base.lproj/LaunchScreen.storyboard; sourceTree = "<group>"; };
		DE1F8BAF2756B11A00B3E631 /* Info.plist */ = {isa = PBXFileReference; lastKnownFileType = text.plist.xml; path = Info.plist; sourceTree = "<group>"; };
		DE9A96202757E8EA0070BDF1 /* main.swift */ = {isa = PBXFileReference; lastKnownFileType = sourcecode.swift; path = main.swift; sourceTree = "<group>"; };
/* End PBXFileReference section */

/* Begin PBXFrameworksBuildPhase section */
		DE1F8B982756B11700B3E631 /* Frameworks */ = {
			isa = PBXFrameworksBuildPhase;
			buildActionMask = 2147483647;
			files = (
				EBC7D7E685F4100EF957EA7D /* Pods_CountrySuggestion.framework in Frameworks */,
			);
			runOnlyForDeploymentPostprocessing = 0;
		};
/* End PBXFrameworksBuildPhase section */

/* Begin PBXGroup section */
		8699AE6ECABFC3300E393447 /* Pods */ = {
			isa = PBXGroup;
			children = (
				4178F1511FB0B59692AF5185 /* Pods-CountrySuggestion.debug.xcconfig */,
				78F9A748543DBC3B472B019B /* Pods-CountrySuggestion.release.xcconfig */,
			);
			path = Pods;
			sourceTree = "<group>";
		};
		D92DB490A9EE2A0338E6B266 /* Frameworks */ = {
			isa = PBXGroup;
			children = (
				9DDF754A56C9EDC8194B6C92 /* Pods_CountrySuggestion.framework */,
			);
			name = Frameworks;
			sourceTree = "<group>";
		};
		DE1CB7F62757D316007F7626 /* App */ = {
			isa = PBXGroup;
			children = (
				DE1CB7F72757D335007F7626 /* Scenes */,
				DE1F8B9E2756B11700B3E631 /* AppDelegate.swift */,
				DE1CB7FA2757D37D007F7626 /* SceneManager.swift */,
				DE9A96202757E8EA0070BDF1 /* main.swift */,
			);
			path = App;
			sourceTree = "<group>";
		};
		DE1CB7F72757D335007F7626 /* Scenes */ = {
			isa = PBXGroup;
			children = (
				DE1F8BA02756B11700B3E631 /* MainAppSceneDelegate.swift */,
			);
			path = Scenes;
			sourceTree = "<group>";
		};
		DE1F8B922756B11600B3E631 = {
			isa = PBXGroup;
			children = (
				DE1F8B9D2756B11700B3E631 /* CountrySuggestion */,
				DE1F8B9C2756B11700B3E631 /* Products */,
				8699AE6ECABFC3300E393447 /* Pods */,
				D92DB490A9EE2A0338E6B266 /* Frameworks */,
			);
			sourceTree = "<group>";
		};
		DE1F8B9C2756B11700B3E631 /* Products */ = {
			isa = PBXGroup;
			children = (
				DE1F8B9B2756B11700B3E631 /* CountrySuggestion.app */,
			);
			name = Products;
			sourceTree = "<group>";
		};
		DE1F8B9D2756B11700B3E631 /* CountrySuggestion */ = {
			isa = PBXGroup;
			children = (
				DE1CB7F62757D316007F7626 /* App */,
				DE1F8BA22756B11700B3E631 /* ViewController.swift */,
				DE1F8BAA2756B11A00B3E631 /* Assets.xcassets */,
				DE1F8BAC2756B11A00B3E631 /* LaunchScreen.storyboard */,
				DE1F8BAF2756B11A00B3E631 /* Info.plist */,
				DE1F8BA72756B11700B3E631 /* CountrySuggestion.xcdatamodeld */,
			);
			path = CountrySuggestion;
			sourceTree = "<group>";
		};
/* End PBXGroup section */

/* Begin PBXNativeTarget section */
		DE1F8B9A2756B11700B3E631 /* CountrySuggestion */ = {
			isa = PBXNativeTarget;
			buildConfigurationList = DE1F8BB22756B11A00B3E631 /* Build configuration list for PBXNativeTarget "CountrySuggestion" */;
			buildPhases = (
				2DCA8D3FD731D0FD5C8A74CC /* [CP] Check Pods Manifest.lock */,
				DE1F8B972756B11700B3E631 /* Sources */,
				DE1F8B982756B11700B3E631 /* Frameworks */,
				DE1F8B992756B11700B3E631 /* Resources */,
				514CA8F5B6BC8197635253C5 /* [CP] Embed Pods Frameworks */,
				DE1CB7F52757C64C007F7626 /* ShellScript */,
			);
			buildRules = (
			);
			dependencies = (
			);
			name = CountrySuggestion;
			productName = CountrySuggestion;
			productReference = DE1F8B9B2756B11700B3E631 /* CountrySuggestion.app */;
			productType = "com.apple.product-type.application";
		};
/* End PBXNativeTarget section */

/* Begin PBXProject section */
		DE1F8B932756B11700B3E631 /* Project object */ = {
			isa = PBXProject;
			attributes = {
				BuildIndependentTargetsInParallel = 1;
				LastSwiftUpdateCheck = 1310;
				LastUpgradeCheck = 1310;
				TargetAttributes = {
					DE1F8B9A2756B11700B3E631 = {
						CreatedOnToolsVersion = 13.1;
					};
				};
			};
			buildConfigurationList = DE1F8B962756B11700B3E631 /* Build configuration list for PBXProject "CountrySuggestion" */;
			compatibilityVersion = "Xcode 13.0";
			developmentRegion = en;
			hasScannedForEncodings = 0;
			knownRegions = (
				en,
				Base,
			);
			mainGroup = DE1F8B922756B11600B3E631;
			productRefGroup = DE1F8B9C2756B11700B3E631 /* Products */;
			projectDirPath = "";
			projectRoot = "";
			targets = (
				DE1F8B9A2756B11700B3E631 /* CountrySuggestion */,
			);
		};
/* End PBXProject section */

/* Begin PBXResourcesBuildPhase section */
		DE1F8B992756B11700B3E631 /* Resources */ = {
			isa = PBXResourcesBuildPhase;
			buildActionMask = 2147483647;
			files = (
				DE1F8BAE2756B11A00B3E631 /* LaunchScreen.storyboard in Resources */,
				DE1F8BAB2756B11A00B3E631 /* Assets.xcassets in Resources */,
			);
			runOnlyForDeploymentPostprocessing = 0;
		};
/* End PBXResourcesBuildPhase section */

/* Begin PBXShellScriptBuildPhase section */
		2DCA8D3FD731D0FD5C8A74CC /* [CP] Check Pods Manifest.lock */ = {
			isa = PBXShellScriptBuildPhase;
			buildActionMask = 2147483647;
			files = (
			);
			inputFileListPaths = (
			);
			inputPaths = (
				"${PODS_PODFILE_DIR_PATH}/Podfile.lock",
				"${PODS_ROOT}/Manifest.lock",
			);
			name = "[CP] Check Pods Manifest.lock";
			outputFileListPaths = (
			);
			outputPaths = (
				"$(DERIVED_FILE_DIR)/Pods-CountrySuggestion-checkManifestLockResult.txt",
			);
			runOnlyForDeploymentPostprocessing = 0;
			shellPath = /bin/sh;
			shellScript = "diff \"${PODS_PODFILE_DIR_PATH}/Podfile.lock\" \"${PODS_ROOT}/Manifest.lock\" > /dev/null\nif [ $? != 0 ] ; then\n    # print error to STDERR\n    echo \"error: The sandbox is not in sync with the Podfile.lock. Run 'pod install' or update your CocoaPods installation.\" >&2\n    exit 1\nfi\n# This output is used by Xcode 'outputs' to avoid re-running this script phase.\necho \"SUCCESS\" > \"${SCRIPT_OUTPUT_FILE_0}\"\n";
			showEnvVarsInLog = 0;
		};
		514CA8F5B6BC8197635253C5 /* [CP] Embed Pods Frameworks */ = {
			isa = PBXShellScriptBuildPhase;
			buildActionMask = 2147483647;
			files = (
			);
			inputFileListPaths = (
				"${PODS_ROOT}/Target Support Files/Pods-CountrySuggestion/Pods-CountrySuggestion-frameworks-${CONFIGURATION}-input-files.xcfilelist",
			);
			name = "[CP] Embed Pods Frameworks";
			outputFileListPaths = (
				"${PODS_ROOT}/Target Support Files/Pods-CountrySuggestion/Pods-CountrySuggestion-frameworks-${CONFIGURATION}-output-files.xcfilelist",
			);
			runOnlyForDeploymentPostprocessing = 0;
			shellPath = /bin/sh;
			shellScript = "\"${PODS_ROOT}/Target Support Files/Pods-CountrySuggestion/Pods-CountrySuggestion-frameworks.sh\"\n";
			showEnvVarsInLog = 0;
		};
		DE1CB7F52757C64C007F7626 /* ShellScript */ = {
			isa = PBXShellScriptBuildPhase;
			alwaysOutOfDate = 1;
			buildActionMask = 12;
			files = (
			);
			inputFileListPaths = (
			);
			inputPaths = (
			);
			outputFileListPaths = (
			);
			outputPaths = (
			);
			runOnlyForDeploymentPostprocessing = 0;
			shellPath = /bin/sh;
			shellScript = "# Type a script or drag a script file from your workspace to insert its path.\nif which swiftlint >/dev/null; then\n  swiftlint autocorrect && swiftlint\nelse\n  echo \"warning: SwiftLint not installed, download from https://github.com/realm/SwiftLint\"\nfi\n";
		};
/* End PBXShellScriptBuildPhase section */

/* Begin PBXSourcesBuildPhase section */
		DE1F8B972756B11700B3E631 /* Sources */ = {
			isa = PBXSourcesBuildPhase;
			buildActionMask = 2147483647;
			files = (
				DE1F8BA32756B11700B3E631 /* ViewController.swift in Sources */,
				DE1F8B9F2756B11700B3E631 /* AppDelegate.swift in Sources */,
				DE9A96212757E8EA0070BDF1 /* main.swift in Sources */,
				DE1CB7FB2757D37D007F7626 /* SceneManager.swift in Sources */,
				DE1F8BA92756B11700B3E631 /* CountrySuggestion.xcdatamodeld in Sources */,
				DE1F8BA12756B11700B3E631 /* MainAppSceneDelegate.swift in Sources */,
			);
			runOnlyForDeploymentPostprocessing = 0;
		};
/* End PBXSourcesBuildPhase section */

/* Begin PBXVariantGroup section */
		DE1F8BAC2756B11A00B3E631 /* LaunchScreen.storyboard */ = {
			isa = PBXVariantGroup;
			children = (
				DE1F8BAD2756B11A00B3E631 /* Base */,
			);
			name = LaunchScreen.storyboard;
			sourceTree = "<group>";
		};
/* End PBXVariantGroup section */

/* Begin XCBuildConfiguration section */
		DE1F8BB02756B11A00B3E631 /* Debug */ = {
			isa = XCBuildConfiguration;
			buildSettings = {
				ALWAYS_SEARCH_USER_PATHS = NO;
				CLANG_ANALYZER_NONNULL = YES;
				CLANG_ANALYZER_NUMBER_OBJECT_CONVERSION = YES_AGGRESSIVE;
				CLANG_CXX_LANGUAGE_STANDARD = "gnu++17";
				CLANG_CXX_LIBRARY = "libc++";
				CLANG_ENABLE_MODULES = YES;
				CLANG_ENABLE_OBJC_ARC = YES;
				CLANG_ENABLE_OBJC_WEAK = YES;
				CLANG_WARN_BLOCK_CAPTURE_AUTORELEASING = YES;
				CLANG_WARN_BOOL_CONVERSION = YES;
				CLANG_WARN_COMMA = YES;
				CLANG_WARN_CONSTANT_CONVERSION = YES;
				CLANG_WARN_DEPRECATED_OBJC_IMPLEMENTATIONS = YES;
				CLANG_WARN_DIRECT_OBJC_ISA_USAGE = YES_ERROR;
				CLANG_WARN_DOCUMENTATION_COMMENTS = YES;
				CLANG_WARN_EMPTY_BODY = YES;
				CLANG_WARN_ENUM_CONVERSION = YES;
				CLANG_WARN_INFINITE_RECURSION = YES;
				CLANG_WARN_INT_CONVERSION = YES;
				CLANG_WARN_NON_LITERAL_NULL_CONVERSION = YES;
				CLANG_WARN_OBJC_IMPLICIT_RETAIN_SELF = YES;
				CLANG_WARN_OBJC_LITERAL_CONVERSION = YES;
				CLANG_WARN_OBJC_ROOT_CLASS = YES_ERROR;
				CLANG_WARN_QUOTED_INCLUDE_IN_FRAMEWORK_HEADER = YES;
				CLANG_WARN_RANGE_LOOP_ANALYSIS = YES;
				CLANG_WARN_STRICT_PROTOTYPES = YES;
				CLANG_WARN_SUSPICIOUS_MOVE = YES;
				CLANG_WARN_UNGUARDED_AVAILABILITY = YES_AGGRESSIVE;
				CLANG_WARN_UNREACHABLE_CODE = YES;
				CLANG_WARN__DUPLICATE_METHOD_MATCH = YES;
				COPY_PHASE_STRIP = NO;
				DEBUG_INFORMATION_FORMAT = dwarf;
				ENABLE_STRICT_OBJC_MSGSEND = YES;
				ENABLE_TESTABILITY = YES;
				GCC_C_LANGUAGE_STANDARD = gnu11;
				GCC_DYNAMIC_NO_PIC = NO;
				GCC_NO_COMMON_BLOCKS = YES;
				GCC_OPTIMIZATION_LEVEL = 0;
				GCC_PREPROCESSOR_DEFINITIONS = (
					"DEBUG=1",
					"$(inherited)",
				);
				GCC_WARN_64_TO_32_BIT_CONVERSION = YES;
				GCC_WARN_ABOUT_RETURN_TYPE = YES_ERROR;
				GCC_WARN_UNDECLARED_SELECTOR = YES;
				GCC_WARN_UNINITIALIZED_AUTOS = YES_AGGRESSIVE;
				GCC_WARN_UNUSED_FUNCTION = YES;
				GCC_WARN_UNUSED_VARIABLE = YES;
				IPHONEOS_DEPLOYMENT_TARGET = 15.0;
				MTL_ENABLE_DEBUG_INFO = INCLUDE_SOURCE;
				MTL_FAST_MATH = YES;
				ONLY_ACTIVE_ARCH = YES;
				SDKROOT = iphoneos;
				SWIFT_ACTIVE_COMPILATION_CONDITIONS = DEBUG;
				SWIFT_OPTIMIZATION_LEVEL = "-Onone";
			};
			name = Debug;
		};
		DE1F8BB12756B11A00B3E631 /* Release */ = {
			isa = XCBuildConfiguration;
			buildSettings = {
				ALWAYS_SEARCH_USER_PATHS = NO;
				CLANG_ANALYZER_NONNULL = YES;
				CLANG_ANALYZER_NUMBER_OBJECT_CONVERSION = YES_AGGRESSIVE;
				CLANG_CXX_LANGUAGE_STANDARD = "gnu++17";
				CLANG_CXX_LIBRARY = "libc++";
				CLANG_ENABLE_MODULES = YES;
				CLANG_ENABLE_OBJC_ARC = YES;
				CLANG_ENABLE_OBJC_WEAK = YES;
				CLANG_WARN_BLOCK_CAPTURE_AUTORELEASING = YES;
				CLANG_WARN_BOOL_CONVERSION = YES;
				CLANG_WARN_COMMA = YES;
				CLANG_WARN_CONSTANT_CONVERSION = YES;
				CLANG_WARN_DEPRECATED_OBJC_IMPLEMENTATIONS = YES;
				CLANG_WARN_DIRECT_OBJC_ISA_USAGE = YES_ERROR;
				CLANG_WARN_DOCUMENTATION_COMMENTS = YES;
				CLANG_WARN_EMPTY_BODY = YES;
				CLANG_WARN_ENUM_CONVERSION = YES;
				CLANG_WARN_INFINITE_RECURSION = YES;
				CLANG_WARN_INT_CONVERSION = YES;
				CLANG_WARN_NON_LITERAL_NULL_CONVERSION = YES;
				CLANG_WARN_OBJC_IMPLICIT_RETAIN_SELF = YES;
				CLANG_WARN_OBJC_LITERAL_CONVERSION = YES;
				CLANG_WARN_OBJC_ROOT_CLASS = YES_ERROR;
				CLANG_WARN_QUOTED_INCLUDE_IN_FRAMEWORK_HEADER = YES;
				CLANG_WARN_RANGE_LOOP_ANALYSIS = YES;
				CLANG_WARN_STRICT_PROTOTYPES = YES;
				CLANG_WARN_SUSPICIOUS_MOVE = YES;
				CLANG_WARN_UNGUARDED_AVAILABILITY = YES_AGGRESSIVE;
				CLANG_WARN_UNREACHABLE_CODE = YES;
				CLANG_WARN__DUPLICATE_METHOD_MATCH = YES;
				COPY_PHASE_STRIP = NO;
				DEBUG_INFORMATION_FORMAT = "dwarf-with-dsym";
				ENABLE_NS_ASSERTIONS = NO;
				ENABLE_STRICT_OBJC_MSGSEND = YES;
				GCC_C_LANGUAGE_STANDARD = gnu11;
				GCC_NO_COMMON_BLOCKS = YES;
				GCC_WARN_64_TO_32_BIT_CONVERSION = YES;
				GCC_WARN_ABOUT_RETURN_TYPE = YES_ERROR;
				GCC_WARN_UNDECLARED_SELECTOR = YES;
				GCC_WARN_UNINITIALIZED_AUTOS = YES_AGGRESSIVE;
				GCC_WARN_UNUSED_FUNCTION = YES;
				GCC_WARN_UNUSED_VARIABLE = YES;
				IPHONEOS_DEPLOYMENT_TARGET = 15.0;
				MTL_ENABLE_DEBUG_INFO = NO;
				MTL_FAST_MATH = YES;
				SDKROOT = iphoneos;
				SWIFT_COMPILATION_MODE = wholemodule;
				SWIFT_OPTIMIZATION_LEVEL = "-O";
				VALIDATE_PRODUCT = YES;
			};
			name = Release;
		};
		DE1F8BB32756B11A00B3E631 /* Debug */ = {
			isa = XCBuildConfiguration;
			baseConfigurationReference = 4178F1511FB0B59692AF5185 /* Pods-CountrySuggestion.debug.xcconfig */;
			buildSettings = {
				ASSETCATALOG_COMPILER_APPICON_NAME = AppIcon;
				ASSETCATALOG_COMPILER_GLOBAL_ACCENT_COLOR_NAME = AccentColor;
				CODE_SIGN_STYLE = Automatic;
				CURRENT_PROJECT_VERSION = 1;
				DEVELOPMENT_TEAM = 88P363PJC9;
				GENERATE_INFOPLIST_FILE = YES;
				INFOPLIST_FILE = CountrySuggestion/Info.plist;
				INFOPLIST_KEY_UIApplicationSupportsIndirectInputEvents = YES;
				INFOPLIST_KEY_UILaunchStoryboardName = LaunchScreen;
				INFOPLIST_KEY_UISupportedInterfaceOrientations_iPad = "UIInterfaceOrientationPortrait UIInterfaceOrientationPortraitUpsideDown UIInterfaceOrientationLandscapeLeft UIInterfaceOrientationLandscapeRight";
				INFOPLIST_KEY_UISupportedInterfaceOrientations_iPhone = "UIInterfaceOrientationPortrait UIInterfaceOrientationLandscapeLeft UIInterfaceOrientationLandscapeRight";
				IPHONEOS_DEPLOYMENT_TARGET = 13.0;
				LD_RUNPATH_SEARCH_PATHS = (
					"$(inherited)",
					"@executable_path/Frameworks",
				);
				MARKETING_VERSION = 1.0;
				PRODUCT_BUNDLE_IDENTIFIER = KiarashVosough.CountrySuggestion;
				PRODUCT_NAME = "$(TARGET_NAME)";
				SWIFT_EMIT_LOC_STRINGS = YES;
				SWIFT_VERSION = 5.0;
				TARGETED_DEVICE_FAMILY = "1,2";
			};
			name = Debug;
		};
		DE1F8BB42756B11A00B3E631 /* Release */ = {
			isa = XCBuildConfiguration;
			baseConfigurationReference = 78F9A748543DBC3B472B019B /* Pods-CountrySuggestion.release.xcconfig */;
			buildSettings = {
				ASSETCATALOG_COMPILER_APPICON_NAME = AppIcon;
				ASSETCATALOG_COMPILER_GLOBAL_ACCENT_COLOR_NAME = AccentColor;
				CODE_SIGN_STYLE = Automatic;
				CURRENT_PROJECT_VERSION = 1;
				DEVELOPMENT_TEAM = 88P363PJC9;
				GENERATE_INFOPLIST_FILE = YES;
				INFOPLIST_FILE = CountrySuggestion/Info.plist;
				INFOPLIST_KEY_UIApplicationSupportsIndirectInputEvents = YES;
				INFOPLIST_KEY_UILaunchStoryboardName = LaunchScreen;
				INFOPLIST_KEY_UISupportedInterfaceOrientations_iPad = "UIInterfaceOrientationPortrait UIInterfaceOrientationPortraitUpsideDown UIInterfaceOrientationLandscapeLeft UIInterfaceOrientationLandscapeRight";
				INFOPLIST_KEY_UISupportedInterfaceOrientations_iPhone = "UIInterfaceOrientationPortrait UIInterfaceOrientationLandscapeLeft UIInterfaceOrientationLandscapeRight";
				IPHONEOS_DEPLOYMENT_TARGET = 13.0;
				LD_RUNPATH_SEARCH_PATHS = (
					"$(inherited)",
					"@executable_path/Frameworks",
				);
				MARKETING_VERSION = 1.0;
				PRODUCT_BUNDLE_IDENTIFIER = KiarashVosough.CountrySuggestion;
				PRODUCT_NAME = "$(TARGET_NAME)";
				SWIFT_EMIT_LOC_STRINGS = YES;
				SWIFT_VERSION = 5.0;
				TARGETED_DEVICE_FAMILY = "1,2";
			};
			name = Release;
		};
/* End XCBuildConfiguration section */

/* Begin XCConfigurationList section */
		DE1F8B962756B11700B3E631 /* Build configuration list for PBXProject "CountrySuggestion" */ = {
			isa = XCConfigurationList;
			buildConfigurations = (
				DE1F8BB02756B11A00B3E631 /* Debug */,
				DE1F8BB12756B11A00B3E631 /* Release */,
			);
			defaultConfigurationIsVisible = 0;
			defaultConfigurationName = Release;
		};
		DE1F8BB22756B11A00B3E631 /* Build configuration list for PBXNativeTarget "CountrySuggestion" */ = {
			isa = XCConfigurationList;
			buildConfigurations = (
				DE1F8BB32756B11A00B3E631 /* Debug */,
				DE1F8BB42756B11A00B3E631 /* Release */,
			);
			defaultConfigurationIsVisible = 0;
			defaultConfigurationName = Release;
		};
/* End XCConfigurationList section */

/* Begin XCVersionGroup section */
		DE1F8BA72756B11700B3E631 /* CountrySuggestion.xcdatamodeld */ = {
			isa = XCVersionGroup;
			children = (
				DE1F8BA82756B11700B3E631 /* CountrySuggestion.xcdatamodel */,
			);
			currentVersion = DE1F8BA82756B11700B3E631 /* CountrySuggestion.xcdatamodel */;
			path = CountrySuggestion.xcdatamodeld;
			sourceTree = "<group>";
			versionGroupType = wrapper.xcdatamodel;
		};
/* End XCVersionGroup section */
	};
	rootObject = DE1F8B932756B11700B3E631 /* Project object */;
}
